
Microsoft Visual Studio Solution File, Format Version 12.00
# Visual Studio Version 16
VisualStudioVersion = 16.0.31005.135
MinimumVisualStudioVersion = 10.0.40219.1
Project("{FAE04EC0-301F-11D3-BF4B-00C04F79EFBC}") = "Games", "Games\Games.csproj", "{AE13E53F-ED9B-4159-A674-017974AE7877}"
EndProject
Global
	GlobalSection(SolutionConfigurationPlatforms) = preSolution
		Debug|Any CPU = Debug|Any CPU
		Release|Any CPU = Release|Any CPU
	EndGlobalSection
	GlobalSection(ProjectConfigurationPlatforms) = postSolution
		{AE13E53F-ED9B-4159-A674-017974AE7877}.Debug|Any CPU.ActiveCfg = Debug|Any CPU
		{AE13E53F-ED9B-4159-A674-017974AE7877}.Debug|Any CPU.Build.0 = Debug|Any CPU
		{AE13E53F-ED9B-4159-A674-017974AE7877}.Release|Any CPU.ActiveCfg = Release|Any CPU
		{AE13E53F-ED9B-4159-A674-017974AE7877}.Release|Any CPU.Build.0 = Release|Any CPU
	EndGlobalSection
	GlobalSection(SolutionProperties) = preSolution
		HideSolutionNode = FALSE
	EndGlobalSection
	GlobalSection(ExtensibilityGlobals) = postSolution
		SolutionGuid = {EB6B8DE1-2133-4998-98C1-810F7CE0B41F}
	EndGlobalSection
EndGlobal
